
Microsoft Visual Studio Solution File, Format Version 12.00
# Visual Studio Version 17
VisualStudioVersion = 17.4.33213.308
MinimumVisualStudioVersion = 10.0.40219.1
Project("{FAE04EC0-301F-11D3-BF4B-00C04F79EFBC}") = "MyCoreApp", "MyCoreApp\MyCoreApp.csproj", "{EA30DCAA-8746-4A23-AA6C-E3711698C7CE}"
EndProject
Global
	GlobalSection(SolutionConfigurationPlatforms) = preSolution
		Debug|Any CPU = Debug|Any CPU
		Release|Any CPU = Release|Any CPU
	EndGlobalSection
	GlobalSection(ProjectConfigurationPlatforms) = postSolution
		{EA30DCAA-8746-4A23-AA6C-E3711698C7CE}.Debug|Any CPU.ActiveCfg = Debug|Any CPU
		{EA30DCAA-8746-4A23-AA6C-E3711698C7CE}.Debug|Any CPU.Build.0 = Debug|Any CPU
		{EA30DCAA-8746-4A23-AA6C-E3711698C7CE}.Release|Any CPU.ActiveCfg = Release|Any CPU
		{EA30DCAA-8746-4A23-AA6C-E3711698C7CE}.Release|Any CPU.Build.0 = Release|Any CPU
	EndGlobalSection
	GlobalSection(SolutionProperties) = preSolution
		HideSolutionNode = FALSE
	EndGlobalSection
	GlobalSection(ExtensibilityGlobals) = postSolution
		SolutionGuid = {62F4720E-500F-4BE0-A1CA-426EC42FB943}
	EndGlobalSection
EndGlobal
